
Microsoft Visual Studio Solution File, Format Version 12.00
# Visual Studio Version 16
VisualStudioVersion = 16.0.31515.178
MinimumVisualStudioVersion = 10.0.40219.1
Project("{FAE04EC0-301F-11D3-BF4B-00C04F79EFBC}") = "Projeto_Chamada", "Projeto_Chamada\Projeto_Chamada.csproj", "{D212252D-D9A8-48D2-A1DE-BA64351D55EC}"
EndProject
Global
	GlobalSection(SolutionConfigurationPlatforms) = preSolution
		Debug|Any CPU = Debug|Any CPU
		Release|Any CPU = Release|Any CPU
	EndGlobalSection
	GlobalSection(ProjectConfigurationPlatforms) = postSolution
		{D212252D-D9A8-48D2-A1DE-BA64351D55EC}.Debug|Any CPU.ActiveCfg = Debug|Any CPU
		{D212252D-D9A8-48D2-A1DE-BA64351D55EC}.Debug|Any CPU.Build.0 = Debug|Any CPU
		{D212252D-D9A8-48D2-A1DE-BA64351D55EC}.Release|Any CPU.ActiveCfg = Release|Any CPU
		{D212252D-D9A8-48D2-A1DE-BA64351D55EC}.Release|Any CPU.Build.0 = Release|Any CPU
	EndGlobalSection
	GlobalSection(SolutionProperties) = preSolution
		HideSolutionNode = FALSE
	EndGlobalSection
	GlobalSection(ExtensibilityGlobals) = postSolution
		SolutionGuid = {5DD19A2D-BCF2-4240-BC20-EB2F3233A555}
	EndGlobalSection
EndGlobal
